
Microsoft Visual Studio Solution File, Format Version 12.00
# Visual Studio Version 17
VisualStudioVersion = 17.3.32922.545
MinimumVisualStudioVersion = 10.0.40219.1
Project("{888888A0-9F3D-457C-B088-3A5042F75D52}") = "Lab_3_1", "Skaitiniai_lab_3\Lab_3_1.pyproj", "{459F8D04-7F72-4444-B38C-F697AB2FA6B3}"
EndProject
Project("{888888A0-9F3D-457C-B088-3A5042F75D52}") = "Lab_3_2", "Lab_3_2\Lab_3_2.pyproj", "{A3029DF0-64CD-415E-AD22-BABBBA678C6B}"
EndProject
Project("{888888A0-9F3D-457C-B088-3A5042F75D52}") = "Lab_3_3", "Lab_3_3\Lab_3_3.pyproj", "{69776928-5388-49CD-99B5-A4F4D196ACF0}"
EndProject
Project("{888888A0-9F3D-457C-B088-3A5042F75D52}") = "Lab_3_4", "Lab_3_4\Lab_3_4.pyproj", "{80CDFED9-D57E-40B3-AD16-3CD6E9217352}"
EndProject
Project("{888888A0-9F3D-457C-B088-3A5042F75D52}") = "4lab", "4lab\4lab.pyproj", "{DC922152-75D8-4AED-A3F5-2774272B32AD}"
EndProject
Global
	GlobalSection(SolutionConfigurationPlatforms) = preSolution
		Debug|Any CPU = Debug|Any CPU
		Release|Any CPU = Release|Any CPU
	EndGlobalSection
	GlobalSection(ProjectConfigurationPlatforms) = postSolution
		{459F8D04-7F72-4444-B38C-F697AB2FA6B3}.Debug|Any CPU.ActiveCfg = Debug|Any CPU
		{459F8D04-7F72-4444-B38C-F697AB2FA6B3}.Release|Any CPU.ActiveCfg = Release|Any CPU
		{A3029DF0-64CD-415E-AD22-BABBBA678C6B}.Debug|Any CPU.ActiveCfg = Debug|Any CPU
		{A3029DF0-64CD-415E-AD22-BABBBA678C6B}.Release|Any CPU.ActiveCfg = Release|Any CPU
		{69776928-5388-49CD-99B5-A4F4D196ACF0}.Debug|Any CPU.ActiveCfg = Debug|Any CPU
		{69776928-5388-49CD-99B5-A4F4D196ACF0}.Release|Any CPU.ActiveCfg = Release|Any CPU
		{80CDFED9-D57E-40B3-AD16-3CD6E9217352}.Debug|Any CPU.ActiveCfg = Debug|Any CPU
		{80CDFED9-D57E-40B3-AD16-3CD6E9217352}.Release|Any CPU.ActiveCfg = Release|Any CPU
		{DC922152-75D8-4AED-A3F5-2774272B32AD}.Debug|Any CPU.ActiveCfg = Debug|Any CPU
		{DC922152-75D8-4AED-A3F5-2774272B32AD}.Release|Any CPU.ActiveCfg = Release|Any CPU
	EndGlobalSection
	GlobalSection(SolutionProperties) = preSolution
		HideSolutionNode = FALSE
	EndGlobalSection
	GlobalSection(ExtensibilityGlobals) = postSolution
		SolutionGuid = {A1F43ED0-CF93-4624-8149-5A0E1F2628BA}
	EndGlobalSection
EndGlobal
